<?xml version="1.0" encoding="utf-8"?>
<Project ToolsVersion="4.0" xmlns="http://schemas.microsoft.com/developer/msbuild/2003">
  <ItemGroup>
    <Filter Include="Исходные файлы">
      <UniqueIdentifier>{4FC737F1-C7A5-4376-A066-2A32D752A2FF}</UniqueIdentifier>
      <Extensions>cpp;c;cc;cxx;c++;cppm;ixx;def;odl;idl;hpj;bat;asm;asmx</Extensions>
    </Filter>
    <Filter Include="Файлы заголовков">
      <UniqueIdentifier>{93995380-89BD-4b04-88EB-625FBE52EBFB}</UniqueIdentifier>
      <Extensions>h;hh;hpp;hxx;h++;hm;inl;inc;ipp;xsd</Extensions>
    </Filter>
    <Filter Include="Файлы ресурсов">
      <UniqueIdentifier>{67DA6AB6-F800-4c08-8B7A-83BB121AAD01}</UniqueIdentifier>
      <Extensions>rc;ico;cur;bmp;dlg;rc2;rct;bin;rgs;gif;jpg;jpeg;jpe;resx;tiff;tif;png;wav;mfcribbon-ms</Extensions>
    </Filter>
  </ItemGroup>
  <ItemGroup>
    <ClCompile Include="entry.cpp">
      <Filter>Исходные файлы</Filter>
    </ClCompile>
    <ClCompile Include="shared\java\threadList.cpp">
      <Filter>Исходные файлы</Filter>
    </ClCompile>
    <ClCompile Include="shared\runtime\runtimeContext.cpp">
      <Filter>Исходные файлы</Filter>
    </ClCompile>
    <ClCompile Include="shared\java\jniWrangler.cpp">
      <Filter>Исходные файлы</Filter>
    </ClCompile>
    <ClCompile Include="shared\java\threadLocalStorage.cpp">
      <Filter>Исходные файлы</Filter>
    </ClCompile>
    <ClCompile Include="shared\util\javaMethodHook.cpp">
      <Filter>Исходные файлы</Filter>
    </ClCompile>
    <ClCompile Include="shared\renderer\rendererContext.cpp">
      <Filter>Исходные файлы</Filter>
    </ClCompile>
    <ClCompile Include="libs\imgui\imgui.cpp">
      <Filter>Исходные файлы</Filter>
    </ClCompile>
    <ClCompile Include="libs\imgui\imgui_draw.cpp">
      <Filter>Исходные файлы</Filter>
    </ClCompile>
    <ClCompile Include="libs\imgui\imgui_impl_opengl2.cpp">
      <Filter>Исходные файлы</Filter>
    </ClCompile>
    <ClCompile Include="libs\imgui\imgui_impl_win32.cpp">
      <Filter>Исходные файлы</Filter>
    </ClCompile>
    <ClCompile Include="libs\imgui\imgui_tables.cpp">
      <Filter>Исходные файлы</Filter>
    </ClCompile>
    <ClCompile Include="libs\imgui\imgui_widgets.cpp">
      <Filter>Исходные файлы</Filter>
    </ClCompile>
    <ClCompile Include="libs\glm\detail\glm.cpp">
      <Filter>Исходные файлы</Filter>
    </ClCompile>
    <ClCompile Include="shared\util\nativeMethodHook.cpp">
      <Filter>Исходные файлы</Filter>
    </ClCompile>
    <ClCompile Include="libs\minhook\src\hde\hde32.c">
      <Filter>Исходные файлы</Filter>
    </ClCompile>
    <ClCompile Include="libs\minhook\src\hde\hde64.c">
      <Filter>Исходные файлы</Filter>
    </ClCompile>
    <ClCompile Include="libs\minhook\src\buffer.c">
      <Filter>Исходные файлы</Filter>
    </ClCompile>
    <ClCompile Include="libs\minhook\src\hook.c">
      <Filter>Исходные файлы</Filter>
    </ClCompile>
    <ClCompile Include="libs\minhook\src\trampoline.c">
      <Filter>Исходные файлы</Filter>
    </ClCompile>
    <ClCompile Include="shared\java\javaMethod.cpp">
      <Filter>Исходные файлы</Filter>
    </ClCompile>
    <ClCompile Include="libs\asmjit\core\archtraits.cpp">
      <Filter>Исходные файлы</Filter>
    </ClCompile>
    <ClCompile Include="libs\asmjit\core\assembler.cpp">
      <Filter>Исходные файлы</Filter>
    </ClCompile>
    <ClCompile Include="libs\asmjit\core\builder.cpp">
      <Filter>Исходные файлы</Filter>
    </ClCompile>
    <ClCompile Include="libs\asmjit\core\codeholder.cpp">
      <Filter>Исходные файлы</Filter>
    </ClCompile>
    <ClCompile Include="libs\asmjit\core\codewriter.cpp">
      <Filter>Исходные файлы</Filter>
    </ClCompile>
    <ClCompile Include="libs\asmjit\core\compiler.cpp">
      <Filter>Исходные файлы</Filter>
    </ClCompile>
    <ClCompile Include="libs\asmjit\core\constpool.cpp">
      <Filter>Исходные файлы</Filter>
    </ClCompile>
    <ClCompile Include="libs\asmjit\core\cpuinfo.cpp">
      <Filter>Исходные файлы</Filter>
    </ClCompile>
    <ClCompile Include="libs\asmjit\core\emithelper.cpp">
      <Filter>Исходные файлы</Filter>
    </ClCompile>
    <ClCompile Include="libs\asmjit\core\emitter.cpp">
      <Filter>Исходные файлы</Filter>
    </ClCompile>
    <ClCompile Include="libs\asmjit\core\emitterutils.cpp">
      <Filter>Исходные файлы</Filter>
    </ClCompile>
    <ClCompile Include="libs\asmjit\core\environment.cpp">
      <Filter>Исходные файлы</Filter>
    </ClCompile>
    <ClCompile Include="libs\asmjit\core\errorhandler.cpp">
      <Filter>Исходные файлы</Filter>
    </ClCompile>
    <ClCompile Include="libs\asmjit\core\formatter.cpp">
      <Filter>Исходные файлы</Filter>
    </ClCompile>
    <ClCompile Include="libs\asmjit\core\func.cpp">
      <Filter>Исходные файлы</Filter>
    </ClCompile>
    <ClCompile Include="libs\asmjit\core\funcargscontext.cpp">
      <Filter>Исходные файлы</Filter>
    </ClCompile>
    <ClCompile Include="libs\asmjit\core\globals.cpp">
      <Filter>Исходные файлы</Filter>
    </ClCompile>
    <ClCompile Include="libs\asmjit\core\inst.cpp">
      <Filter>Исходные файлы</Filter>
    </ClCompile>
    <ClCompile Include="libs\asmjit\core\jitallocator.cpp">
      <Filter>Исходные файлы</Filter>
    </ClCompile>
    <ClCompile Include="libs\asmjit\core\jitruntime.cpp">
      <Filter>Исходные файлы</Filter>
    </ClCompile>
    <ClCompile Include="libs\asmjit\core\logger.cpp">
      <Filter>Исходные файлы</Filter>
    </ClCompile>
    <ClCompile Include="libs\asmjit\core\operand.cpp">
      <Filter>Исходные файлы</Filter>
    </ClCompile>
    <ClCompile Include="libs\asmjit\core\osutils.cpp">
      <Filter>Исходные файлы</Filter>
    </ClCompile>
    <ClCompile Include="libs\asmjit\core\ralocal.cpp">
      <Filter>Исходные файлы</Filter>
    </ClCompile>
    <ClCompile Include="libs\asmjit\core\rapass.cpp">
      <Filter>Исходные файлы</Filter>
    </ClCompile>
    <ClCompile Include="libs\asmjit\core\rastack.cpp">
      <Filter>Исходные файлы</Filter>
    </ClCompile>
    <ClCompile Include="libs\asmjit\core\string.cpp">
      <Filter>Исходные файлы</Filter>
    </ClCompile>
    <ClCompile Include="libs\asmjit\core\support.cpp">
      <Filter>Исходные файлы</Filter>
    </ClCompile>
    <ClCompile Include="libs\asmjit\core\target.cpp">
      <Filter>Исходные файлы</Filter>
    </ClCompile>
    <ClCompile Include="libs\asmjit\core\type.cpp">
      <Filter>Исходные файлы</Filter>
    </ClCompile>
    <ClCompile Include="libs\asmjit\core\virtmem.cpp">
      <Filter>Исходные файлы</Filter>
    </ClCompile>
    <ClCompile Include="libs\asmjit\core\zone.cpp">
      <Filter>Исходные файлы</Filter>
    </ClCompile>
    <ClCompile Include="libs\asmjit\core\zonehash.cpp">
      <Filter>Исходные файлы</Filter>
    </ClCompile>
    <ClCompile Include="libs\asmjit\core\zonelist.cpp">
      <Filter>Исходные файлы</Filter>
    </ClCompile>
    <ClCompile Include="libs\asmjit\core\zonestack.cpp">
      <Filter>Исходные файлы</Filter>
    </ClCompile>
    <ClCompile Include="libs\asmjit\core\zonetree.cpp">
      <Filter>Исходные файлы</Filter>
    </ClCompile>
    <ClCompile Include="libs\asmjit\core\zonevector.cpp">
      <Filter>Исходные файлы</Filter>
    </ClCompile>
    <ClCompile Include="libs\asmjit\x86\x86assembler.cpp">
      <Filter>Исходные файлы</Filter>
    </ClCompile>
    <ClCompile Include="libs\asmjit\x86\x86builder.cpp">
      <Filter>Исходные файлы</Filter>
    </ClCompile>
    <ClCompile Include="libs\asmjit\x86\x86compiler.cpp">
      <Filter>Исходные файлы</Filter>
    </ClCompile>
    <ClCompile Include="libs\asmjit\x86\x86emithelper.cpp">
      <Filter>Исходные файлы</Filter>
    </ClCompile>
    <ClCompile Include="libs\asmjit\x86\x86formatter.cpp">
      <Filter>Исходные файлы</Filter>
    </ClCompile>
    <ClCompile Include="libs\asmjit\x86\x86func.cpp">
      <Filter>Исходные файлы</Filter>
    </ClCompile>
    <ClCompile Include="libs\asmjit\x86\x86instapi.cpp">
      <Filter>Исходные файлы</Filter>
    </ClCompile>
    <ClCompile Include="libs\asmjit\x86\x86instdb.cpp">
      <Filter>Исходные файлы</Filter>
    </ClCompile>
    <ClCompile Include="libs\asmjit\x86\x86operand.cpp">
      <Filter>Исходные файлы</Filter>
    </ClCompile>
    <ClCompile Include="libs\asmjit\x86\x86rapass.cpp">
      <Filter>Исходные файлы</Filter>
    </ClCompile>
  </ItemGroup>
  <ItemGroup>
    <ClInclude Include="shared\java\javaThread.hpp">
      <Filter>Файлы заголовков</Filter>
    </ClInclude>
    <ClInclude Include="shared\shared.hpp">
      <Filter>Файлы заголовков</Filter>
    </ClInclude>
    <ClInclude Include="shared\java\nativeThread.hpp">
      <Filter>Файлы заголовков</Filter>
    </ClInclude>
    <ClInclude Include="shared\java\jniWrangler.hpp">
      <Filter>Файлы заголовков</Filter>
    </ClInclude>
    <ClInclude Include="shared\java\instanceKlass.hpp">
      <Filter>Файлы заголовков</Filter>
    </ClInclude>
    <ClInclude Include="shared\java\oopHandle.hpp">
      <Filter>Файлы заголовков</Filter>
    </ClInclude>
    <ClInclude Include="shared\mem\address.hpp">
      <Filter>Файлы заголовков</Filter>
    </ClInclude>
    <ClInclude Include="shared\java\threadList.hpp">
      <Filter>Файлы заголовков</Filter>
    </ClInclude>
    <ClInclude Include="shared\mem\bytes.hpp">
      <Filter>Файлы заголовков</Filter>
    </ClInclude>
    <ClInclude Include="shared\mem\native.hpp">
      <Filter>Файлы заголовков</Filter>
    </ClInclude>
    <ClInclude Include="shared\runtime\runtimeContext.hpp">
      <Filter>Файлы заголовков</Filter>
    </ClInclude>
    <ClInclude Include="shared\util\dllAwaiter.hpp">
      <Filter>Файлы заголовков</Filter>
    </ClInclude>
    <ClInclude Include="shared\java\threadLocalStorage.hpp">
      <Filter>Файлы заголовков</Filter>
    </ClInclude>
    <ClInclude Include="shared\java\miscObjects.hpp">
      <Filter>Файлы заголовков</Filter>
    </ClInclude>
    <ClInclude Include="shared\java\javaMethod.hpp">
      <Filter>Файлы заголовков</Filter>
    </ClInclude>
    <ClInclude Include="shared\java\constPool.hpp">
      <Filter>Файлы заголовков</Filter>
    </ClInclude>
    <ClInclude Include="shared\util\javaMethodHook.hpp">
      <Filter>Файлы заголовков</Filter>
    </ClInclude>
    <ClInclude Include="shared\renderer\rendererContext.hpp">
      <Filter>Файлы заголовков</Filter>
    </ClInclude>
    <ClInclude Include="libs\imgui\imconfig.h">
      <Filter>Файлы заголовков</Filter>
    </ClInclude>
    <ClInclude Include="libs\imgui\imgui.h">
      <Filter>Файлы заголовков</Filter>
    </ClInclude>
    <ClInclude Include="libs\imgui\imgui_impl_opengl2.h">
      <Filter>Файлы заголовков</Filter>
    </ClInclude>
    <ClInclude Include="libs\imgui\imgui_impl_win32.h">
      <Filter>Файлы заголовков</Filter>
    </ClInclude>
    <ClInclude Include="libs\imgui\imgui_internal.h">
      <Filter>Файлы заголовков</Filter>
    </ClInclude>
    <ClInclude Include="libs\imgui\imstb_rectpack.h">
      <Filter>Файлы заголовков</Filter>
    </ClInclude>
    <ClInclude Include="libs\imgui\imstb_textedit.h">
      <Filter>Файлы заголовков</Filter>
    </ClInclude>
    <ClInclude Include="libs\imgui\imstb_truetype.h">
      <Filter>Файлы заголовков</Filter>
    </ClInclude>
    <ClInclude Include="libs\glm\detail\_features.hpp">
      <Filter>Файлы заголовков</Filter>
    </ClInclude>
    <ClInclude Include="libs\glm\detail\_fixes.hpp">
      <Filter>Файлы заголовков</Filter>
    </ClInclude>
    <ClInclude Include="libs\glm\detail\_noise.hpp">
      <Filter>Файлы заголовков</Filter>
    </ClInclude>
    <ClInclude Include="libs\glm\detail\_swizzle.hpp">
      <Filter>Файлы заголовков</Filter>
    </ClInclude>
    <ClInclude Include="libs\glm\detail\_swizzle_func.hpp">
      <Filter>Файлы заголовков</Filter>
    </ClInclude>
    <ClInclude Include="libs\glm\detail\_vectorize.hpp">
      <Filter>Файлы заголовков</Filter>
    </ClInclude>
    <ClInclude Include="libs\glm\detail\compute_common.hpp">
      <Filter>Файлы заголовков</Filter>
    </ClInclude>
    <ClInclude Include="libs\glm\detail\compute_vector_relational.hpp">
      <Filter>Файлы заголовков</Filter>
    </ClInclude>
    <ClInclude Include="libs\glm\detail\qualifier.hpp">
      <Filter>Файлы заголовков</Filter>
    </ClInclude>
    <ClInclude Include="libs\glm\detail\setup.hpp">
      <Filter>Файлы заголовков</Filter>
    </ClInclude>
    <ClInclude Include="libs\glm\detail\type_float.hpp">
      <Filter>Файлы заголовков</Filter>
    </ClInclude>
    <ClInclude Include="libs\glm\detail\type_half.hpp">
      <Filter>Файлы заголовков</Filter>
    </ClInclude>
    <ClInclude Include="libs\glm\detail\type_mat2x2.hpp">
      <Filter>Файлы заголовков</Filter>
    </ClInclude>
    <ClInclude Include="libs\glm\detail\type_mat2x3.hpp">
      <Filter>Файлы заголовков</Filter>
    </ClInclude>
    <ClInclude Include="libs\glm\detail\type_mat2x4.hpp">
      <Filter>Файлы заголовков</Filter>
    </ClInclude>
    <ClInclude Include="libs\glm\detail\type_mat3x2.hpp">
      <Filter>Файлы заголовков</Filter>
    </ClInclude>
    <ClInclude Include="libs\glm\detail\type_mat3x3.hpp">
      <Filter>Файлы заголовков</Filter>
    </ClInclude>
    <ClInclude Include="libs\glm\detail\type_mat3x4.hpp">
      <Filter>Файлы заголовков</Filter>
    </ClInclude>
    <ClInclude Include="libs\glm\detail\type_mat4x2.hpp">
      <Filter>Файлы заголовков</Filter>
    </ClInclude>
    <ClInclude Include="libs\glm\detail\type_mat4x3.hpp">
      <Filter>Файлы заголовков</Filter>
    </ClInclude>
    <ClInclude Include="libs\glm\detail\type_mat4x4.hpp">
      <Filter>Файлы заголовков</Filter>
    </ClInclude>
    <ClInclude Include="libs\glm\detail\type_quat.hpp">
      <Filter>Файлы заголовков</Filter>
    </ClInclude>
    <ClInclude Include="libs\glm\detail\type_vec1.hpp">
      <Filter>Файлы заголовков</Filter>
    </ClInclude>
    <ClInclude Include="libs\glm\detail\type_vec2.hpp">
      <Filter>Файлы заголовков</Filter>
    </ClInclude>
    <ClInclude Include="libs\glm\detail\type_vec3.hpp">
      <Filter>Файлы заголовков</Filter>
    </ClInclude>
    <ClInclude Include="libs\glm\detail\type_vec4.hpp">
      <Filter>Файлы заголовков</Filter>
    </ClInclude>
    <ClInclude Include="libs\glm\ext\_matrix_vectorize.hpp">
      <Filter>Файлы заголовков</Filter>
    </ClInclude>
    <ClInclude Include="libs\glm\ext\matrix_clip_space.hpp">
      <Filter>Файлы заголовков</Filter>
    </ClInclude>
    <ClInclude Include="libs\glm\ext\matrix_common.hpp">
      <Filter>Файлы заголовков</Filter>
    </ClInclude>
    <ClInclude Include="libs\glm\ext\matrix_double2x2.hpp">
      <Filter>Файлы заголовков</Filter>
    </ClInclude>
    <ClInclude Include="libs\glm\ext\matrix_double2x2_precision.hpp">
      <Filter>Файлы заголовков</Filter>
    </ClInclude>
    <ClInclude Include="libs\glm\ext\matrix_double2x3.hpp">
      <Filter>Файлы заголовков</Filter>
    </ClInclude>
    <ClInclude Include="libs\glm\ext\matrix_double2x3_precision.hpp">
      <Filter>Файлы заголовков</Filter>
    </ClInclude>
    <ClInclude Include="libs\glm\ext\matrix_double2x4.hpp">
      <Filter>Файлы заголовков</Filter>
    </ClInclude>
    <ClInclude Include="libs\glm\ext\matrix_double2x4_precision.hpp">
      <Filter>Файлы заголовков</Filter>
    </ClInclude>
    <ClInclude Include="libs\glm\ext\matrix_double3x2.hpp">
      <Filter>Файлы заголовков</Filter>
    </ClInclude>
    <ClInclude Include="libs\glm\ext\matrix_double3x2_precision.hpp">
      <Filter>Файлы заголовков</Filter>
    </ClInclude>
    <ClInclude Include="libs\glm\ext\matrix_double3x3.hpp">
      <Filter>Файлы заголовков</Filter>
    </ClInclude>
    <ClInclude Include="libs\glm\ext\matrix_double3x3_precision.hpp">
      <Filter>Файлы заголовков</Filter>
    </ClInclude>
    <ClInclude Include="libs\glm\ext\matrix_double3x4.hpp">
      <Filter>Файлы заголовков</Filter>
    </ClInclude>
    <ClInclude Include="libs\glm\ext\matrix_double3x4_precision.hpp">
      <Filter>Файлы заголовков</Filter>
    </ClInclude>
    <ClInclude Include="libs\glm\ext\matrix_double4x2.hpp">
      <Filter>Файлы заголовков</Filter>
    </ClInclude>
    <ClInclude Include="libs\glm\ext\matrix_double4x2_precision.hpp">
      <Filter>Файлы заголовков</Filter>
    </ClInclude>
    <ClInclude Include="libs\glm\ext\matrix_double4x3.hpp">
      <Filter>Файлы заголовков</Filter>
    </ClInclude>
    <ClInclude Include="libs\glm\ext\matrix_double4x3_precision.hpp">
      <Filter>Файлы заголовков</Filter>
    </ClInclude>
    <ClInclude Include="libs\glm\ext\matrix_double4x4.hpp">
      <Filter>Файлы заголовков</Filter>
    </ClInclude>
    <ClInclude Include="libs\glm\ext\matrix_double4x4_precision.hpp">
      <Filter>Файлы заголовков</Filter>
    </ClInclude>
    <ClInclude Include="libs\glm\ext\matrix_float2x2.hpp">
      <Filter>Файлы заголовков</Filter>
    </ClInclude>
    <ClInclude Include="libs\glm\ext\matrix_float2x2_precision.hpp">
      <Filter>Файлы заголовков</Filter>
    </ClInclude>
    <ClInclude Include="libs\glm\ext\matrix_float2x3.hpp">
      <Filter>Файлы заголовков</Filter>
    </ClInclude>
    <ClInclude Include="libs\glm\ext\matrix_float2x3_precision.hpp">
      <Filter>Файлы заголовков</Filter>
    </ClInclude>
    <ClInclude Include="libs\glm\ext\matrix_float2x4.hpp">
      <Filter>Файлы заголовков</Filter>
    </ClInclude>
    <ClInclude Include="libs\glm\ext\matrix_float2x4_precision.hpp">
      <Filter>Файлы заголовков</Filter>
    </ClInclude>
    <ClInclude Include="libs\glm\ext\matrix_float3x2.hpp">
      <Filter>Файлы заголовков</Filter>
    </ClInclude>
    <ClInclude Include="libs\glm\ext\matrix_float3x2_precision.hpp">
      <Filter>Файлы заголовков</Filter>
    </ClInclude>
    <ClInclude Include="libs\glm\ext\matrix_float3x3.hpp">
      <Filter>Файлы заголовков</Filter>
    </ClInclude>
    <ClInclude Include="libs\glm\ext\matrix_float3x3_precision.hpp">
      <Filter>Файлы заголовков</Filter>
    </ClInclude>
    <ClInclude Include="libs\glm\ext\matrix_float3x4.hpp">
      <Filter>Файлы заголовков</Filter>
    </ClInclude>
    <ClInclude Include="libs\glm\ext\matrix_float3x4_precision.hpp">
      <Filter>Файлы заголовков</Filter>
    </ClInclude>
    <ClInclude Include="libs\glm\ext\matrix_float4x2.hpp">
      <Filter>Файлы заголовков</Filter>
    </ClInclude>
    <ClInclude Include="libs\glm\ext\matrix_float4x2_precision.hpp">
      <Filter>Файлы заголовков</Filter>
    </ClInclude>
    <ClInclude Include="libs\glm\ext\matrix_float4x3.hpp">
      <Filter>Файлы заголовков</Filter>
    </ClInclude>
    <ClInclude Include="libs\glm\ext\matrix_float4x3_precision.hpp">
      <Filter>Файлы заголовков</Filter>
    </ClInclude>
    <ClInclude Include="libs\glm\ext\matrix_float4x4.hpp">
      <Filter>Файлы заголовков</Filter>
    </ClInclude>
    <ClInclude Include="libs\glm\ext\matrix_float4x4_precision.hpp">
      <Filter>Файлы заголовков</Filter>
    </ClInclude>
    <ClInclude Include="libs\glm\ext\matrix_int2x2.hpp">
      <Filter>Файлы заголовков</Filter>
    </ClInclude>
    <ClInclude Include="libs\glm\ext\matrix_int2x2_sized.hpp">
      <Filter>Файлы заголовков</Filter>
    </ClInclude>
    <ClInclude Include="libs\glm\ext\matrix_int2x3.hpp">
      <Filter>Файлы заголовков</Filter>
    </ClInclude>
    <ClInclude Include="libs\glm\ext\matrix_int2x3_sized.hpp">
      <Filter>Файлы заголовков</Filter>
    </ClInclude>
    <ClInclude Include="libs\glm\ext\matrix_int2x4.hpp">
      <Filter>Файлы заголовков</Filter>
    </ClInclude>
    <ClInclude Include="libs\glm\ext\matrix_int2x4_sized.hpp">
      <Filter>Файлы заголовков</Filter>
    </ClInclude>
    <ClInclude Include="libs\glm\ext\matrix_int3x2.hpp">
      <Filter>Файлы заголовков</Filter>
    </ClInclude>
    <ClInclude Include="libs\glm\ext\matrix_int3x2_sized.hpp">
      <Filter>Файлы заголовков</Filter>
    </ClInclude>
    <ClInclude Include="libs\glm\ext\matrix_int3x3.hpp">
      <Filter>Файлы заголовков</Filter>
    </ClInclude>
    <ClInclude Include="libs\glm\ext\matrix_int3x3_sized.hpp">
      <Filter>Файлы заголовков</Filter>
    </ClInclude>
    <ClInclude Include="libs\glm\ext\matrix_int3x4.hpp">
      <Filter>Файлы заголовков</Filter>
    </ClInclude>
    <ClInclude Include="libs\glm\ext\matrix_int3x4_sized.hpp">
      <Filter>Файлы заголовков</Filter>
    </ClInclude>
    <ClInclude Include="libs\glm\ext\matrix_int4x2.hpp">
      <Filter>Файлы заголовков</Filter>
    </ClInclude>
    <ClInclude Include="libs\glm\ext\matrix_int4x2_sized.hpp">
      <Filter>Файлы заголовков</Filter>
    </ClInclude>
    <ClInclude Include="libs\glm\ext\matrix_int4x3.hpp">
      <Filter>Файлы заголовков</Filter>
    </ClInclude>
    <ClInclude Include="libs\glm\ext\matrix_int4x3_sized.hpp">
      <Filter>Файлы заголовков</Filter>
    </ClInclude>
    <ClInclude Include="libs\glm\ext\matrix_int4x4.hpp">
      <Filter>Файлы заголовков</Filter>
    </ClInclude>
    <ClInclude Include="libs\glm\ext\matrix_int4x4_sized.hpp">
      <Filter>Файлы заголовков</Filter>
    </ClInclude>
    <ClInclude Include="libs\glm\ext\matrix_integer.hpp">
      <Filter>Файлы заголовков</Filter>
    </ClInclude>
    <ClInclude Include="libs\glm\ext\matrix_projection.hpp">
      <Filter>Файлы заголовков</Filter>
    </ClInclude>
    <ClInclude Include="libs\glm\ext\matrix_relational.hpp">
      <Filter>Файлы заголовков</Filter>
    </ClInclude>
    <ClInclude Include="libs\glm\ext\matrix_transform.hpp">
      <Filter>Файлы заголовков</Filter>
    </ClInclude>
    <ClInclude Include="libs\glm\ext\matrix_uint2x2.hpp">
      <Filter>Файлы заголовков</Filter>
    </ClInclude>
    <ClInclude Include="libs\glm\ext\matrix_uint2x2_sized.hpp">
      <Filter>Файлы заголовков</Filter>
    </ClInclude>
    <ClInclude Include="libs\glm\ext\matrix_uint2x3.hpp">
      <Filter>Файлы заголовков</Filter>
    </ClInclude>
    <ClInclude Include="libs\glm\ext\matrix_uint2x3_sized.hpp">
      <Filter>Файлы заголовков</Filter>
    </ClInclude>
    <ClInclude Include="libs\glm\ext\matrix_uint2x4.hpp">
      <Filter>Файлы заголовков</Filter>
    </ClInclude>
    <ClInclude Include="libs\glm\ext\matrix_uint2x4_sized.hpp">
      <Filter>Файлы заголовков</Filter>
    </ClInclude>
    <ClInclude Include="libs\glm\ext\matrix_uint3x2.hpp">
      <Filter>Файлы заголовков</Filter>
    </ClInclude>
    <ClInclude Include="libs\glm\ext\matrix_uint3x2_sized.hpp">
      <Filter>Файлы заголовков</Filter>
    </ClInclude>
    <ClInclude Include="libs\glm\ext\matrix_uint3x3.hpp">
      <Filter>Файлы заголовков</Filter>
    </ClInclude>
    <ClInclude Include="libs\glm\ext\matrix_uint3x3_sized.hpp">
      <Filter>Файлы заголовков</Filter>
    </ClInclude>
    <ClInclude Include="libs\glm\ext\matrix_uint3x4.hpp">
      <Filter>Файлы заголовков</Filter>
    </ClInclude>
    <ClInclude Include="libs\glm\ext\matrix_uint3x4_sized.hpp">
      <Filter>Файлы заголовков</Filter>
    </ClInclude>
    <ClInclude Include="libs\glm\ext\matrix_uint4x2.hpp">
      <Filter>Файлы заголовков</Filter>
    </ClInclude>
    <ClInclude Include="libs\glm\ext\matrix_uint4x2_sized.hpp">
      <Filter>Файлы заголовков</Filter>
    </ClInclude>
    <ClInclude Include="libs\glm\ext\matrix_uint4x3.hpp">
      <Filter>Файлы заголовков</Filter>
    </ClInclude>
    <ClInclude Include="libs\glm\ext\matrix_uint4x3_sized.hpp">
      <Filter>Файлы заголовков</Filter>
    </ClInclude>
    <ClInclude Include="libs\glm\ext\matrix_uint4x4.hpp">
      <Filter>Файлы заголовков</Filter>
    </ClInclude>
    <ClInclude Include="libs\glm\ext\matrix_uint4x4_sized.hpp">
      <Filter>Файлы заголовков</Filter>
    </ClInclude>
    <ClInclude Include="libs\glm\ext\quaternion_common.hpp">
      <Filter>Файлы заголовков</Filter>
    </ClInclude>
    <ClInclude Include="libs\glm\ext\quaternion_double.hpp">
      <Filter>Файлы заголовков</Filter>
    </ClInclude>
    <ClInclude Include="libs\glm\ext\quaternion_double_precision.hpp">
      <Filter>Файлы заголовков</Filter>
    </ClInclude>
    <ClInclude Include="libs\glm\ext\quaternion_exponential.hpp">
      <Filter>Файлы заголовков</Filter>
    </ClInclude>
    <ClInclude Include="libs\glm\ext\quaternion_float.hpp">
      <Filter>Файлы заголовков</Filter>
    </ClInclude>
    <ClInclude Include="libs\glm\ext\quaternion_float_precision.hpp">
      <Filter>Файлы заголовков</Filter>
    </ClInclude>
    <ClInclude Include="libs\glm\ext\quaternion_geometric.hpp">
      <Filter>Файлы заголовков</Filter>
    </ClInclude>
    <ClInclude Include="libs\glm\ext\quaternion_relational.hpp">
      <Filter>Файлы заголовков</Filter>
    </ClInclude>
    <ClInclude Include="libs\glm\ext\quaternion_transform.hpp">
      <Filter>Файлы заголовков</Filter>
    </ClInclude>
    <ClInclude Include="libs\glm\ext\quaternion_trigonometric.hpp">
      <Filter>Файлы заголовков</Filter>
    </ClInclude>
    <ClInclude Include="libs\glm\ext\scalar_common.hpp">
      <Filter>Файлы заголовков</Filter>
    </ClInclude>
    <ClInclude Include="libs\glm\ext\scalar_constants.hpp">
      <Filter>Файлы заголовков</Filter>
    </ClInclude>
    <ClInclude Include="libs\glm\ext\scalar_int_sized.hpp">
      <Filter>Файлы заголовков</Filter>
    </ClInclude>
    <ClInclude Include="libs\glm\ext\scalar_integer.hpp">
      <Filter>Файлы заголовков</Filter>
    </ClInclude>
    <ClInclude Include="libs\glm\ext\scalar_packing.hpp">
      <Filter>Файлы заголовков</Filter>
    </ClInclude>
    <ClInclude Include="libs\glm\ext\scalar_reciprocal.hpp">
      <Filter>Файлы заголовков</Filter>
    </ClInclude>
    <ClInclude Include="libs\glm\ext\scalar_relational.hpp">
      <Filter>Файлы заголовков</Filter>
    </ClInclude>
    <ClInclude Include="libs\glm\ext\scalar_uint_sized.hpp">
      <Filter>Файлы заголовков</Filter>
    </ClInclude>
    <ClInclude Include="libs\glm\ext\scalar_ulp.hpp">
      <Filter>Файлы заголовков</Filter>
    </ClInclude>
    <ClInclude Include="libs\glm\ext\vector_bool1.hpp">
      <Filter>Файлы заголовков</Filter>
    </ClInclude>
    <ClInclude Include="libs\glm\ext\vector_bool1_precision.hpp">
      <Filter>Файлы заголовков</Filter>
    </ClInclude>
    <ClInclude Include="libs\glm\ext\vector_bool2.hpp">
      <Filter>Файлы заголовков</Filter>
    </ClInclude>
    <ClInclude Include="libs\glm\ext\vector_bool2_precision.hpp">
      <Filter>Файлы заголовков</Filter>
    </ClInclude>
    <ClInclude Include="libs\glm\ext\vector_bool3.hpp">
      <Filter>Файлы заголовков</Filter>
    </ClInclude>
    <ClInclude Include="libs\glm\ext\vector_bool3_precision.hpp">
      <Filter>Файлы заголовков</Filter>
    </ClInclude>
    <ClInclude Include="libs\glm\ext\vector_bool4.hpp">
      <Filter>Файлы заголовков</Filter>
    </ClInclude>
    <ClInclude Include="libs\glm\ext\vector_bool4_precision.hpp">
      <Filter>Файлы заголовков</Filter>
    </ClInclude>
    <ClInclude Include="libs\glm\ext\vector_common.hpp">
      <Filter>Файлы заголовков</Filter>
    </ClInclude>
    <ClInclude Include="libs\glm\ext\vector_double1.hpp">
      <Filter>Файлы заголовков</Filter>
    </ClInclude>
    <ClInclude Include="libs\glm\ext\vector_double1_precision.hpp">
      <Filter>Файлы заголовков</Filter>
    </ClInclude>
    <ClInclude Include="libs\glm\ext\vector_double2.hpp">
      <Filter>Файлы заголовков</Filter>
    </ClInclude>
    <ClInclude Include="libs\glm\ext\vector_double2_precision.hpp">
      <Filter>Файлы заголовков</Filter>
    </ClInclude>
    <ClInclude Include="libs\glm\ext\vector_double3.hpp">
      <Filter>Файлы заголовков</Filter>
    </ClInclude>
    <ClInclude Include="libs\glm\ext\vector_double3_precision.hpp">
      <Filter>Файлы заголовков</Filter>
    </ClInclude>
    <ClInclude Include="libs\glm\ext\vector_double4.hpp">
      <Filter>Файлы заголовков</Filter>
    </ClInclude>
    <ClInclude Include="libs\glm\ext\vector_double4_precision.hpp">
      <Filter>Файлы заголовков</Filter>
    </ClInclude>
    <ClInclude Include="libs\glm\ext\vector_float1.hpp">
      <Filter>Файлы заголовков</Filter>
    </ClInclude>
    <ClInclude Include="libs\glm\ext\vector_float1_precision.hpp">
      <Filter>Файлы заголовков</Filter>
    </ClInclude>
    <ClInclude Include="libs\glm\ext\vector_float2.hpp">
      <Filter>Файлы заголовков</Filter>
    </ClInclude>
    <ClInclude Include="libs\glm\ext\vector_float2_precision.hpp">
      <Filter>Файлы заголовков</Filter>
    </ClInclude>
    <ClInclude Include="libs\glm\ext\vector_float3.hpp">
      <Filter>Файлы заголовков</Filter>
    </ClInclude>
    <ClInclude Include="libs\glm\ext\vector_float3_precision.hpp">
      <Filter>Файлы заголовков</Filter>
    </ClInclude>
    <ClInclude Include="libs\glm\ext\vector_float4.hpp">
      <Filter>Файлы заголовков</Filter>
    </ClInclude>
    <ClInclude Include="libs\glm\ext\vector_float4_precision.hpp">
      <Filter>Файлы заголовков</Filter>
    </ClInclude>
    <ClInclude Include="libs\glm\ext\vector_int1.hpp">
      <Filter>Файлы заголовков</Filter>
    </ClInclude>
    <ClInclude Include="libs\glm\ext\vector_int1_sized.hpp">
      <Filter>Файлы заголовков</Filter>
    </ClInclude>
    <ClInclude Include="libs\glm\ext\vector_int2.hpp">
      <Filter>Файлы заголовков</Filter>
    </ClInclude>
    <ClInclude Include="libs\glm\ext\vector_int2_sized.hpp">
      <Filter>Файлы заголовков</Filter>
    </ClInclude>
    <ClInclude Include="libs\glm\ext\vector_int3.hpp">
      <Filter>Файлы заголовков</Filter>
    </ClInclude>
    <ClInclude Include="libs\glm\ext\vector_int3_sized.hpp">
      <Filter>Файлы заголовков</Filter>
    </ClInclude>
    <ClInclude Include="libs\glm\ext\vector_int4.hpp">
      <Filter>Файлы заголовков</Filter>
    </ClInclude>
    <ClInclude Include="libs\glm\ext\vector_int4_sized.hpp">
      <Filter>Файлы заголовков</Filter>
    </ClInclude>
    <ClInclude Include="libs\glm\ext\vector_integer.hpp">
      <Filter>Файлы заголовков</Filter>
    </ClInclude>
    <ClInclude Include="libs\glm\ext\vector_packing.hpp">
      <Filter>Файлы заголовков</Filter>
    </ClInclude>
    <ClInclude Include="libs\glm\ext\vector_reciprocal.hpp">
      <Filter>Файлы заголовков</Filter>
    </ClInclude>
    <ClInclude Include="libs\glm\ext\vector_relational.hpp">
      <Filter>Файлы заголовков</Filter>
    </ClInclude>
    <ClInclude Include="libs\glm\ext\vector_uint1.hpp">
      <Filter>Файлы заголовков</Filter>
    </ClInclude>
    <ClInclude Include="libs\glm\ext\vector_uint1_sized.hpp">
      <Filter>Файлы заголовков</Filter>
    </ClInclude>
    <ClInclude Include="libs\glm\ext\vector_uint2.hpp">
      <Filter>Файлы заголовков</Filter>
    </ClInclude>
    <ClInclude Include="libs\glm\ext\vector_uint2_sized.hpp">
      <Filter>Файлы заголовков</Filter>
    </ClInclude>
    <ClInclude Include="libs\glm\ext\vector_uint3.hpp">
      <Filter>Файлы заголовков</Filter>
    </ClInclude>
    <ClInclude Include="libs\glm\ext\vector_uint3_sized.hpp">
      <Filter>Файлы заголовков</Filter>
    </ClInclude>
    <ClInclude Include="libs\glm\ext\vector_uint4.hpp">
      <Filter>Файлы заголовков</Filter>
    </ClInclude>
    <ClInclude Include="libs\glm\ext\vector_uint4_sized.hpp">
      <Filter>Файлы заголовков</Filter>
    </ClInclude>
    <ClInclude Include="libs\glm\ext\vector_ulp.hpp">
      <Filter>Файлы заголовков</Filter>
    </ClInclude>
    <ClInclude Include="libs\glm\gtc\bitfield.hpp">
      <Filter>Файлы заголовков</Filter>
    </ClInclude>
    <ClInclude Include="libs\glm\gtc\color_space.hpp">
      <Filter>Файлы заголовков</Filter>
    </ClInclude>
    <ClInclude Include="libs\glm\gtc\constants.hpp">
      <Filter>Файлы заголовков</Filter>
    </ClInclude>
    <ClInclude Include="libs\glm\gtc\epsilon.hpp">
      <Filter>Файлы заголовков</Filter>
    </ClInclude>
    <ClInclude Include="libs\glm\gtc\integer.hpp">
      <Filter>Файлы заголовков</Filter>
    </ClInclude>
    <ClInclude Include="libs\glm\gtc\matrix_access.hpp">
      <Filter>Файлы заголовков</Filter>
    </ClInclude>
    <ClInclude Include="libs\glm\gtc\matrix_integer.hpp">
      <Filter>Файлы заголовков</Filter>
    </ClInclude>
    <ClInclude Include="libs\glm\gtc\matrix_inverse.hpp">
      <Filter>Файлы заголовков</Filter>
    </ClInclude>
    <ClInclude Include="libs\glm\gtc\matrix_transform.hpp">
      <Filter>Файлы заголовков</Filter>
    </ClInclude>
    <ClInclude Include="libs\glm\gtc\noise.hpp">
      <Filter>Файлы заголовков</Filter>
    </ClInclude>
    <ClInclude Include="libs\glm\gtc\packing.hpp">
      <Filter>Файлы заголовков</Filter>
    </ClInclude>
    <ClInclude Include="libs\glm\gtc\quaternion.hpp">
      <Filter>Файлы заголовков</Filter>
    </ClInclude>
    <ClInclude Include="libs\glm\gtc\random.hpp">
      <Filter>Файлы заголовков</Filter>
    </ClInclude>
    <ClInclude Include="libs\glm\gtc\reciprocal.hpp">
      <Filter>Файлы заголовков</Filter>
    </ClInclude>
    <ClInclude Include="libs\glm\gtc\round.hpp">
      <Filter>Файлы заголовков</Filter>
    </ClInclude>
    <ClInclude Include="libs\glm\gtc\type_aligned.hpp">
      <Filter>Файлы заголовков</Filter>
    </ClInclude>
    <ClInclude Include="libs\glm\gtc\type_precision.hpp">
      <Filter>Файлы заголовков</Filter>
    </ClInclude>
    <ClInclude Include="libs\glm\gtc\type_ptr.hpp">
      <Filter>Файлы заголовков</Filter>
    </ClInclude>
    <ClInclude Include="libs\glm\gtc\ulp.hpp">
      <Filter>Файлы заголовков</Filter>
    </ClInclude>
    <ClInclude Include="libs\glm\gtc\vec1.hpp">
      <Filter>Файлы заголовков</Filter>
    </ClInclude>
    <ClInclude Include="libs\glm\gtx\associated_min_max.hpp">
      <Filter>Файлы заголовков</Filter>
    </ClInclude>
    <ClInclude Include="libs\glm\gtx\bit.hpp">
      <Filter>Файлы заголовков</Filter>
    </ClInclude>
    <ClInclude Include="libs\glm\gtx\closest_point.hpp">
      <Filter>Файлы заголовков</Filter>
    </ClInclude>
    <ClInclude Include="libs\glm\gtx\color_encoding.hpp">
      <Filter>Файлы заголовков</Filter>
    </ClInclude>
    <ClInclude Include="libs\glm\gtx\color_space.hpp">
      <Filter>Файлы заголовков</Filter>
    </ClInclude>
    <ClInclude Include="libs\glm\gtx\color_space_YCoCg.hpp">
      <Filter>Файлы заголовков</Filter>
    </ClInclude>
    <ClInclude Include="libs\glm\gtx\common.hpp">
      <Filter>Файлы заголовков</Filter>
    </ClInclude>
    <ClInclude Include="libs\glm\gtx\compatibility.hpp">
      <Filter>Файлы заголовков</Filter>
    </ClInclude>
    <ClInclude Include="libs\glm\gtx\component_wise.hpp">
      <Filter>Файлы заголовков</Filter>
    </ClInclude>
    <ClInclude Include="libs\glm\gtx\dual_quaternion.hpp">
      <Filter>Файлы заголовков</Filter>
    </ClInclude>
    <ClInclude Include="libs\glm\gtx\easing.hpp">
      <Filter>Файлы заголовков</Filter>
    </ClInclude>
    <ClInclude Include="libs\glm\gtx\euler_angles.hpp">
      <Filter>Файлы заголовков</Filter>
    </ClInclude>
    <ClInclude Include="libs\glm\gtx\extend.hpp">
      <Filter>Файлы заголовков</Filter>
    </ClInclude>
    <ClInclude Include="libs\glm\gtx\extended_min_max.hpp">
      <Filter>Файлы заголовков</Filter>
    </ClInclude>
    <ClInclude Include="libs\glm\gtx\exterior_product.hpp">
      <Filter>Файлы заголовков</Filter>
    </ClInclude>
    <ClInclude Include="libs\glm\gtx\fast_exponential.hpp">
      <Filter>Файлы заголовков</Filter>
    </ClInclude>
    <ClInclude Include="libs\glm\gtx\fast_square_root.hpp">
      <Filter>Файлы заголовков</Filter>
    </ClInclude>
    <ClInclude Include="libs\glm\gtx\fast_trigonometry.hpp">
      <Filter>Файлы заголовков</Filter>
    </ClInclude>
    <ClInclude Include="libs\glm\gtx\functions.hpp">
      <Filter>Файлы заголовков</Filter>
    </ClInclude>
    <ClInclude Include="libs\glm\gtx\gradient_paint.hpp">
      <Filter>Файлы заголовков</Filter>
    </ClInclude>
    <ClInclude Include="libs\glm\gtx\handed_coordinate_space.hpp">
      <Filter>Файлы заголовков</Filter>
    </ClInclude>
    <ClInclude Include="libs\glm\gtx\hash.hpp">
      <Filter>Файлы заголовков</Filter>
    </ClInclude>
    <ClInclude Include="libs\glm\gtx\integer.hpp">
      <Filter>Файлы заголовков</Filter>
    </ClInclude>
    <ClInclude Include="libs\glm\gtx\intersect.hpp">
      <Filter>Файлы заголовков</Filter>
    </ClInclude>
    <ClInclude Include="libs\glm\gtx\io.hpp">
      <Filter>Файлы заголовков</Filter>
    </ClInclude>
    <ClInclude Include="libs\glm\gtx\log_base.hpp">
      <Filter>Файлы заголовков</Filter>
    </ClInclude>
    <ClInclude Include="libs\glm\gtx\matrix_cross_product.hpp">
      <Filter>Файлы заголовков</Filter>
    </ClInclude>
    <ClInclude Include="libs\glm\gtx\matrix_decompose.hpp">
      <Filter>Файлы заголовков</Filter>
    </ClInclude>
    <ClInclude Include="libs\glm\gtx\matrix_factorisation.hpp">
      <Filter>Файлы заголовков</Filter>
    </ClInclude>
    <ClInclude Include="libs\glm\gtx\matrix_interpolation.hpp">
      <Filter>Файлы заголовков</Filter>
    </ClInclude>
    <ClInclude Include="libs\glm\gtx\matrix_major_storage.hpp">
      <Filter>Файлы заголовков</Filter>
    </ClInclude>
    <ClInclude Include="libs\glm\gtx\matrix_operation.hpp">
      <Filter>Файлы заголовков</Filter>
    </ClInclude>
    <ClInclude Include="libs\glm\gtx\matrix_query.hpp">
      <Filter>Файлы заголовков</Filter>
    </ClInclude>
    <ClInclude Include="libs\glm\gtx\matrix_transform_2d.hpp">
      <Filter>Файлы заголовков</Filter>
    </ClInclude>
    <ClInclude Include="libs\glm\gtx\mixed_product.hpp">
      <Filter>Файлы заголовков</Filter>
    </ClInclude>
    <ClInclude Include="libs\glm\gtx\norm.hpp">
      <Filter>Файлы заголовков</Filter>
    </ClInclude>
    <ClInclude Include="libs\glm\gtx\normal.hpp">
      <Filter>Файлы заголовков</Filter>
    </ClInclude>
    <ClInclude Include="libs\glm\gtx\normalize_dot.hpp">
      <Filter>Файлы заголовков</Filter>
    </ClInclude>
    <ClInclude Include="libs\glm\gtx\number_precision.hpp">
      <Filter>Файлы заголовков</Filter>
    </ClInclude>
    <ClInclude Include="libs\glm\gtx\optimum_pow.hpp">
      <Filter>Файлы заголовков</Filter>
    </ClInclude>
    <ClInclude Include="libs\glm\gtx\orthonormalize.hpp">
      <Filter>Файлы заголовков</Filter>
    </ClInclude>
    <ClInclude Include="libs\glm\gtx\pca.hpp">
      <Filter>Файлы заголовков</Filter>
    </ClInclude>
    <ClInclude Include="libs\glm\gtx\perpendicular.hpp">
      <Filter>Файлы заголовков</Filter>
    </ClInclude>
    <ClInclude Include="libs\glm\gtx\polar_coordinates.hpp">
      <Filter>Файлы заголовков</Filter>
    </ClInclude>
    <ClInclude Include="libs\glm\gtx\projection.hpp">
      <Filter>Файлы заголовков</Filter>
    </ClInclude>
    <ClInclude Include="libs\glm\gtx\quaternion.hpp">
      <Filter>Файлы заголовков</Filter>
    </ClInclude>
    <ClInclude Include="libs\glm\gtx\range.hpp">
      <Filter>Файлы заголовков</Filter>
    </ClInclude>
    <ClInclude Include="libs\glm\gtx\raw_data.hpp">
      <Filter>Файлы заголовков</Filter>
    </ClInclude>
    <ClInclude Include="libs\glm\gtx\rotate_normalized_axis.hpp">
      <Filter>Файлы заголовков</Filter>
    </ClInclude>
    <ClInclude Include="libs\glm\gtx\rotate_vector.hpp">
      <Filter>Файлы заголовков</Filter>
    </ClInclude>
    <ClInclude Include="libs\glm\gtx\scalar_multiplication.hpp">
      <Filter>Файлы заголовков</Filter>
    </ClInclude>
    <ClInclude Include="libs\glm\gtx\scalar_relational.hpp">
      <Filter>Файлы заголовков</Filter>
    </ClInclude>
    <ClInclude Include="libs\glm\gtx\spline.hpp">
      <Filter>Файлы заголовков</Filter>
    </ClInclude>
    <ClInclude Include="libs\glm\gtx\std_based_type.hpp">
      <Filter>Файлы заголовков</Filter>
    </ClInclude>
    <ClInclude Include="libs\glm\gtx\string_cast.hpp">
      <Filter>Файлы заголовков</Filter>
    </ClInclude>
    <ClInclude Include="libs\glm\gtx\texture.hpp">
      <Filter>Файлы заголовков</Filter>
    </ClInclude>
    <ClInclude Include="libs\glm\gtx\transform.hpp">
      <Filter>Файлы заголовков</Filter>
    </ClInclude>
    <ClInclude Include="libs\glm\gtx\transform2.hpp">
      <Filter>Файлы заголовков</Filter>
    </ClInclude>
    <ClInclude Include="libs\glm\gtx\type_aligned.hpp">
      <Filter>Файлы заголовков</Filter>
    </ClInclude>
    <ClInclude Include="libs\glm\gtx\type_trait.hpp">
      <Filter>Файлы заголовков</Filter>
    </ClInclude>
    <ClInclude Include="libs\glm\gtx\vec_swizzle.hpp">
      <Filter>Файлы заголовков</Filter>
    </ClInclude>
    <ClInclude Include="libs\glm\gtx\vector_angle.hpp">
      <Filter>Файлы заголовков</Filter>
    </ClInclude>
    <ClInclude Include="libs\glm\gtx\vector_query.hpp">
      <Filter>Файлы заголовков</Filter>
    </ClInclude>
    <ClInclude Include="libs\glm\gtx\wrap.hpp">
      <Filter>Файлы заголовков</Filter>
    </ClInclude>
    <ClInclude Include="libs\glm\simd\common.h">
      <Filter>Файлы заголовков</Filter>
    </ClInclude>
    <ClInclude Include="libs\glm\simd\exponential.h">
      <Filter>Файлы заголовков</Filter>
    </ClInclude>
    <ClInclude Include="libs\glm\simd\geometric.h">
      <Filter>Файлы заголовков</Filter>
    </ClInclude>
    <ClInclude Include="libs\glm\simd\integer.h">
      <Filter>Файлы заголовков</Filter>
    </ClInclude>
    <ClInclude Include="libs\glm\simd\matrix.h">
      <Filter>Файлы заголовков</Filter>
    </ClInclude>
    <ClInclude Include="libs\glm\simd\neon.h">
      <Filter>Файлы заголовков</Filter>
    </ClInclude>
    <ClInclude Include="libs\glm\simd\packing.h">
      <Filter>Файлы заголовков</Filter>
    </ClInclude>
    <ClInclude Include="libs\glm\simd\platform.h">
      <Filter>Файлы заголовков</Filter>
    </ClInclude>
    <ClInclude Include="libs\glm\simd\trigonometric.h">
      <Filter>Файлы заголовков</Filter>
    </ClInclude>
    <ClInclude Include="libs\glm\simd\vector_relational.h">
      <Filter>Файлы заголовков</Filter>
    </ClInclude>
    <ClInclude Include="libs\glm\common.hpp">
      <Filter>Файлы заголовков</Filter>
    </ClInclude>
    <ClInclude Include="libs\glm\exponential.hpp">
      <Filter>Файлы заголовков</Filter>
    </ClInclude>
    <ClInclude Include="libs\glm\ext.hpp">
      <Filter>Файлы заголовков</Filter>
    </ClInclude>
    <ClInclude Include="libs\glm\fwd.hpp">
      <Filter>Файлы заголовков</Filter>
    </ClInclude>
    <ClInclude Include="libs\glm\geometric.hpp">
      <Filter>Файлы заголовков</Filter>
    </ClInclude>
    <ClInclude Include="libs\glm\glm.hpp">
      <Filter>Файлы заголовков</Filter>
    </ClInclude>
    <ClInclude Include="libs\glm\integer.hpp">
      <Filter>Файлы заголовков</Filter>
    </ClInclude>
    <ClInclude Include="libs\glm\mat2x2.hpp">
      <Filter>Файлы заголовков</Filter>
    </ClInclude>
    <ClInclude Include="libs\glm\mat2x3.hpp">
      <Filter>Файлы заголовков</Filter>
    </ClInclude>
    <ClInclude Include="libs\glm\mat2x4.hpp">
      <Filter>Файлы заголовков</Filter>
    </ClInclude>
    <ClInclude Include="libs\glm\mat3x2.hpp">
      <Filter>Файлы заголовков</Filter>
    </ClInclude>
    <ClInclude Include="libs\glm\mat3x3.hpp">
      <Filter>Файлы заголовков</Filter>
    </ClInclude>
    <ClInclude Include="libs\glm\mat3x4.hpp">
      <Filter>Файлы заголовков</Filter>
    </ClInclude>
    <ClInclude Include="libs\glm\mat4x2.hpp">
      <Filter>Файлы заголовков</Filter>
    </ClInclude>
    <ClInclude Include="libs\glm\mat4x3.hpp">
      <Filter>Файлы заголовков</Filter>
    </ClInclude>
    <ClInclude Include="libs\glm\mat4x4.hpp">
      <Filter>Файлы заголовков</Filter>
    </ClInclude>
    <ClInclude Include="libs\glm\matrix.hpp">
      <Filter>Файлы заголовков</Filter>
    </ClInclude>
    <ClInclude Include="libs\glm\packing.hpp">
      <Filter>Файлы заголовков</Filter>
    </ClInclude>
    <ClInclude Include="libs\glm\trigonometric.hpp">
      <Filter>Файлы заголовков</Filter>
    </ClInclude>
    <ClInclude Include="libs\glm\vec2.hpp">
      <Filter>Файлы заголовков</Filter>
    </ClInclude>
    <ClInclude Include="libs\glm\vec3.hpp">
      <Filter>Файлы заголовков</Filter>
    </ClInclude>
    <ClInclude Include="libs\glm\vec4.hpp">
      <Filter>Файлы заголовков</Filter>
    </ClInclude>
    <ClInclude Include="libs\glm\vector_relational.hpp">
      <Filter>Файлы заголовков</Filter>
    </ClInclude>
    <ClInclude Include="shared\renderer\color.hpp">
      <Filter>Файлы заголовков</Filter>
    </ClInclude>
    <ClInclude Include="shared\util\nativeMethodHook.hpp">
      <Filter>Файлы заголовков</Filter>
    </ClInclude>
    <ClInclude Include="libs\minhook\src\hde\hde32.h">
      <Filter>Файлы заголовков</Filter>
    </ClInclude>
    <ClInclude Include="libs\minhook\src\hde\hde64.h">
      <Filter>Файлы заголовков</Filter>
    </ClInclude>
    <ClInclude Include="libs\minhook\src\hde\pstdint.h">
      <Filter>Файлы заголовков</Filter>
    </ClInclude>
    <ClInclude Include="libs\minhook\src\hde\table32.h">
      <Filter>Файлы заголовков</Filter>
    </ClInclude>
    <ClInclude Include="libs\minhook\src\hde\table64.h">
      <Filter>Файлы заголовков</Filter>
    </ClInclude>
    <ClInclude Include="libs\minhook\src\buffer.h">
      <Filter>Файлы заголовков</Filter>
    </ClInclude>
    <ClInclude Include="libs\minhook\src\trampoline.h">
      <Filter>Файлы заголовков</Filter>
    </ClInclude>
    <ClInclude Include="libs\minhook\minhook.h">
      <Filter>Файлы заголовков</Filter>
    </ClInclude>
    <ClInclude Include="libs\asmjit\core\api-config.h">
      <Filter>Файлы заголовков</Filter>
    </ClInclude>
    <ClInclude Include="libs\asmjit\core\archcommons.h">
      <Filter>Файлы заголовков</Filter>
    </ClInclude>
    <ClInclude Include="libs\asmjit\core\archtraits.h">
      <Filter>Файлы заголовков</Filter>
    </ClInclude>
    <ClInclude Include="libs\asmjit\core\assembler.h">
      <Filter>Файлы заголовков</Filter>
    </ClInclude>
    <ClInclude Include="libs\asmjit\core\builder.h">
      <Filter>Файлы заголовков</Filter>
    </ClInclude>
    <ClInclude Include="libs\asmjit\core\codebuffer.h">
      <Filter>Файлы заголовков</Filter>
    </ClInclude>
    <ClInclude Include="libs\asmjit\core\codeholder.h">
      <Filter>Файлы заголовков</Filter>
    </ClInclude>
    <ClInclude Include="libs\asmjit\core\compiler.h">
      <Filter>Файлы заголовков</Filter>
    </ClInclude>
    <ClInclude Include="libs\asmjit\core\compilerdefs.h">
      <Filter>Файлы заголовков</Filter>
    </ClInclude>
    <ClInclude Include="libs\asmjit\core\constpool.h">
      <Filter>Файлы заголовков</Filter>
    </ClInclude>
    <ClInclude Include="libs\asmjit\core\cpuinfo.h">
      <Filter>Файлы заголовков</Filter>
    </ClInclude>
    <ClInclude Include="libs\asmjit\core\emitter.h">
      <Filter>Файлы заголовков</Filter>
    </ClInclude>
    <ClInclude Include="libs\asmjit\core\environment.h">
      <Filter>Файлы заголовков</Filter>
    </ClInclude>
    <ClInclude Include="libs\asmjit\core\errorhandler.h">
      <Filter>Файлы заголовков</Filter>
    </ClInclude>
    <ClInclude Include="libs\asmjit\core\formatter.h">
      <Filter>Файлы заголовков</Filter>
    </ClInclude>
    <ClInclude Include="libs\asmjit\core\func.h">
      <Filter>Файлы заголовков</Filter>
    </ClInclude>
    <ClInclude Include="libs\asmjit\core\globals.h">
      <Filter>Файлы заголовков</Filter>
    </ClInclude>
    <ClInclude Include="libs\asmjit\core\inst.h">
      <Filter>Файлы заголовков</Filter>
    </ClInclude>
    <ClInclude Include="libs\asmjit\core\jitallocator.h">
      <Filter>Файлы заголовков</Filter>
    </ClInclude>
    <ClInclude Include="libs\asmjit\core\jitruntime.h">
      <Filter>Файлы заголовков</Filter>
    </ClInclude>
    <ClInclude Include="libs\asmjit\core\logger.h">
      <Filter>Файлы заголовков</Filter>
    </ClInclude>
    <ClInclude Include="libs\asmjit\core\operand.h">
      <Filter>Файлы заголовков</Filter>
    </ClInclude>
    <ClInclude Include="libs\asmjit\core\osutils.h">
      <Filter>Файлы заголовков</Filter>
    </ClInclude>
    <ClInclude Include="libs\asmjit\core\string.h">
      <Filter>Файлы заголовков</Filter>
    </ClInclude>
    <ClInclude Include="libs\asmjit\core\support.h">
      <Filter>Файлы заголовков</Filter>
    </ClInclude>
    <ClInclude Include="libs\asmjit\core\target.h">
      <Filter>Файлы заголовков</Filter>
    </ClInclude>
    <ClInclude Include="libs\asmjit\core\type.h">
      <Filter>Файлы заголовков</Filter>
    </ClInclude>
    <ClInclude Include="libs\asmjit\core\virtmem.h">
      <Filter>Файлы заголовков</Filter>
    </ClInclude>
    <ClInclude Include="libs\asmjit\core\zone.h">
      <Filter>Файлы заголовков</Filter>
    </ClInclude>
    <ClInclude Include="libs\asmjit\core\zonehash.h">
      <Filter>Файлы заголовков</Filter>
    </ClInclude>
    <ClInclude Include="libs\asmjit\core\zonelist.h">
      <Filter>Файлы заголовков</Filter>
    </ClInclude>
    <ClInclude Include="libs\asmjit\core\zonestack.h">
      <Filter>Файлы заголовков</Filter>
    </ClInclude>
    <ClInclude Include="libs\asmjit\core\zonestring.h">
      <Filter>Файлы заголовков</Filter>
    </ClInclude>
    <ClInclude Include="libs\asmjit\core\zonetree.h">
      <Filter>Файлы заголовков</Filter>
    </ClInclude>
    <ClInclude Include="libs\asmjit\core\zonevector.h">
      <Filter>Файлы заголовков</Filter>
    </ClInclude>
    <ClInclude Include="libs\asmjit\x86\x86assembler.h">
      <Filter>Файлы заголовков</Filter>
    </ClInclude>
    <ClInclude Include="libs\asmjit\x86\x86builder.h">
      <Filter>Файлы заголовков</Filter>
    </ClInclude>
    <ClInclude Include="libs\asmjit\x86\x86compiler.h">
      <Filter>Файлы заголовков</Filter>
    </ClInclude>
    <ClInclude Include="libs\asmjit\x86\x86emitter.h">
      <Filter>Файлы заголовков</Filter>
    </ClInclude>
    <ClInclude Include="libs\asmjit\x86\x86globals.h">
      <Filter>Файлы заголовков</Filter>
    </ClInclude>
    <ClInclude Include="libs\asmjit\x86\x86instdb.h">
      <Filter>Файлы заголовков</Filter>
    </ClInclude>
    <ClInclude Include="libs\asmjit\x86\x86operand.h">
      <Filter>Файлы заголовков</Filter>
    </ClInclude>
    <ClInclude Include="libs\asmjit\core\api-build_p.h">
      <Filter>Файлы заголовков</Filter>
    </ClInclude>
    <ClInclude Include="libs\asmjit\core\builder_p.h">
      <Filter>Файлы заголовков</Filter>
    </ClInclude>
    <ClInclude Include="libs\asmjit\core\codewriter_p.h">
      <Filter>Файлы заголовков</Filter>
    </ClInclude>
    <ClInclude Include="libs\asmjit\core\emithelper_p.h">
      <Filter>Файлы заголовков</Filter>
    </ClInclude>
    <ClInclude Include="libs\asmjit\core\emitterutils_p.h">
      <Filter>Файлы заголовков</Filter>
    </ClInclude>
    <ClInclude Include="libs\asmjit\core\formatter_p.h">
      <Filter>Файлы заголовков</Filter>
    </ClInclude>
    <ClInclude Include="libs\asmjit\core\funcargscontext_p.h">
      <Filter>Файлы заголовков</Filter>
    </ClInclude>
    <ClInclude Include="libs\asmjit\core\misc_p.h">
      <Filter>Файлы заголовков</Filter>
    </ClInclude>
    <ClInclude Include="libs\asmjit\core\osutils_p.h">
      <Filter>Файлы заголовков</Filter>
    </ClInclude>
    <ClInclude Include="libs\asmjit\core\raassignment_p.h">
      <Filter>Файлы заголовков</Filter>
    </ClInclude>
    <ClInclude Include="libs\asmjit\core\rabuilders_p.h">
      <Filter>Файлы заголовков</Filter>
    </ClInclude>
    <ClInclude Include="libs\asmjit\core\radefs_p.h">
      <Filter>Файлы заголовков</Filter>
    </ClInclude>
    <ClInclude Include="libs\asmjit\core\ralocal_p.h">
      <Filter>Файлы заголовков</Filter>
    </ClInclude>
    <ClInclude Include="libs\asmjit\core\rapass_p.h">
      <Filter>Файлы заголовков</Filter>
    </ClInclude>
    <ClInclude Include="libs\asmjit\core\rastack_p.h">
      <Filter>Файлы заголовков</Filter>
    </ClInclude>
    <ClInclude Include="libs\asmjit\core\support_p.h">
      <Filter>Файлы заголовков</Filter>
    </ClInclude>
    <ClInclude Include="libs\asmjit\x86\x86archtraits_p.h">
      <Filter>Файлы заголовков</Filter>
    </ClInclude>
    <ClInclude Include="libs\asmjit\x86\x86emithelper_p.h">
      <Filter>Файлы заголовков</Filter>
    </ClInclude>
    <ClInclude Include="libs\asmjit\x86\x86formatter_p.h">
      <Filter>Файлы заголовков</Filter>
    </ClInclude>
    <ClInclude Include="libs\asmjit\x86\x86func_p.h">
      <Filter>Файлы заголовков</Filter>
    </ClInclude>
    <ClInclude Include="libs\asmjit\x86\x86instapi_p.h">
      <Filter>Файлы заголовков</Filter>
    </ClInclude>
    <ClInclude Include="libs\asmjit\x86\x86instdb_p.h">
      <Filter>Файлы заголовков</Filter>
    </ClInclude>
    <ClInclude Include="libs\asmjit\x86\x86opcode_p.h">
      <Filter>Файлы заголовков</Filter>
    </ClInclude>
    <ClInclude Include="libs\asmjit\x86\x86rapass_p.h">
      <Filter>Файлы заголовков</Filter>
    </ClInclude>
    <ClInclude Include="libs\asmjit\asmjit.h">
      <Filter>Файлы заголовков</Filter>
    </ClInclude>
    <ClInclude Include="libs\asmjit\asmjit-scope-begin.h">
      <Filter>Файлы заголовков</Filter>
    </ClInclude>
    <ClInclude Include="libs\asmjit\asmjit-scope-end.h">
      <Filter>Файлы заголовков</Filter>
    </ClInclude>
    <ClInclude Include="libs\asmjit\core.h">
      <Filter>Файлы заголовков</Filter>
    </ClInclude>
    <ClInclude Include="libs\asmjit\x86.h">
      <Filter>Файлы заголовков</Filter>
    </ClInclude>
  </ItemGroup>
  <ItemGroup>
    <None Include="libs\glm\detail\func_common.inl">
      <Filter>Файлы заголовков</Filter>
    </None>
    <None Include="libs\glm\detail\func_common_simd.inl">
      <Filter>Файлы заголовков</Filter>
    </None>
    <None Include="libs\glm\detail\func_exponential.inl">
      <Filter>Файлы заголовков</Filter>
    </None>
    <None Include="libs\glm\detail\func_exponential_simd.inl">
      <Filter>Файлы заголовков</Filter>
    </None>
    <None Include="libs\glm\detail\func_geometric.inl">
      <Filter>Файлы заголовков</Filter>
    </None>
    <None Include="libs\glm\detail\func_geometric_simd.inl">
      <Filter>Файлы заголовков</Filter>
    </None>
    <None Include="libs\glm\detail\func_integer.inl">
      <Filter>Файлы заголовков</Filter>
    </None>
    <None Include="libs\glm\detail\func_integer_simd.inl">
      <Filter>Файлы заголовков</Filter>
    </None>
    <None Include="libs\glm\detail\func_matrix.inl">
      <Filter>Файлы заголовков</Filter>
    </None>
    <None Include="libs\glm\detail\func_matrix_simd.inl">
      <Filter>Файлы заголовков</Filter>
    </None>
    <None Include="libs\glm\detail\func_packing.inl">
      <Filter>Файлы заголовков</Filter>
    </None>
    <None Include="libs\glm\detail\func_packing_simd.inl">
      <Filter>Файлы заголовков</Filter>
    </None>
    <None Include="libs\glm\detail\func_trigonometric.inl">
      <Filter>Файлы заголовков</Filter>
    </None>
    <None Include="libs\glm\detail\func_trigonometric_simd.inl">
      <Filter>Файлы заголовков</Filter>
    </None>
    <None Include="libs\glm\detail\func_vector_relational.inl">
      <Filter>Файлы заголовков</Filter>
    </None>
    <None Include="libs\glm\detail\func_vector_relational_simd.inl">
      <Filter>Файлы заголовков</Filter>
    </None>
    <None Include="libs\glm\detail\type_half.inl">
      <Filter>Файлы заголовков</Filter>
    </None>
    <None Include="libs\glm\detail\type_mat2x2.inl">
      <Filter>Файлы заголовков</Filter>
    </None>
    <None Include="libs\glm\detail\type_mat2x3.inl">
      <Filter>Файлы заголовков</Filter>
    </None>
    <None Include="libs\glm\detail\type_mat2x4.inl">
      <Filter>Файлы заголовков</Filter>
    </None>
    <None Include="libs\glm\detail\type_mat3x2.inl">
      <Filter>Файлы заголовков</Filter>
    </None>
    <None Include="libs\glm\detail\type_mat3x3.inl">
      <Filter>Файлы заголовков</Filter>
    </None>
    <None Include="libs\glm\detail\type_mat3x4.inl">
      <Filter>Файлы заголовков</Filter>
    </None>
    <None Include="libs\glm\detail\type_mat4x2.inl">
      <Filter>Файлы заголовков</Filter>
    </None>
    <None Include="libs\glm\detail\type_mat4x3.inl">
      <Filter>Файлы заголовков</Filter>
    </None>
    <None Include="libs\glm\detail\type_mat4x4.inl">
      <Filter>Файлы заголовков</Filter>
    </None>
    <None Include="libs\glm\detail\type_mat4x4_simd.inl">
      <Filter>Файлы заголовков</Filter>
    </None>
    <None Include="libs\glm\detail\type_quat.inl">
      <Filter>Файлы заголовков</Filter>
    </None>
    <None Include="libs\glm\detail\type_quat_simd.inl">
      <Filter>Файлы заголовков</Filter>
    </None>
    <None Include="libs\glm\detail\type_vec1.inl">
      <Filter>Файлы заголовков</Filter>
    </None>
    <None Include="libs\glm\detail\type_vec2.inl">
      <Filter>Файлы заголовков</Filter>
    </None>
    <None Include="libs\glm\detail\type_vec3.inl">
      <Filter>Файлы заголовков</Filter>
    </None>
    <None Include="libs\glm\detail\type_vec4.inl">
      <Filter>Файлы заголовков</Filter>
    </None>
    <None Include="libs\glm\detail\type_vec4_simd.inl">
      <Filter>Файлы заголовков</Filter>
    </None>
    <None Include="libs\glm\ext\matrix_clip_space.inl">
      <Filter>Файлы заголовков</Filter>
    </None>
    <None Include="libs\glm\ext\matrix_common.inl">
      <Filter>Файлы заголовков</Filter>
    </None>
    <None Include="libs\glm\ext\matrix_integer.inl">
      <Filter>Файлы заголовков</Filter>
    </None>
    <None Include="libs\glm\ext\matrix_projection.inl">
      <Filter>Файлы заголовков</Filter>
    </None>
    <None Include="libs\glm\ext\matrix_relational.inl">
      <Filter>Файлы заголовков</Filter>
    </None>
    <None Include="libs\glm\ext\matrix_transform.inl">
      <Filter>Файлы заголовков</Filter>
    </None>
    <None Include="libs\glm\ext\quaternion_common.inl">
      <Filter>Файлы заголовков</Filter>
    </None>
    <None Include="libs\glm\ext\quaternion_common_simd.inl">
      <Filter>Файлы заголовков</Filter>
    </None>
    <None Include="libs\glm\ext\quaternion_exponential.inl">
      <Filter>Файлы заголовков</Filter>
    </None>
    <None Include="libs\glm\ext\quaternion_geometric.inl">
      <Filter>Файлы заголовков</Filter>
    </None>
    <None Include="libs\glm\ext\quaternion_relational.inl">
      <Filter>Файлы заголовков</Filter>
    </None>
    <None Include="libs\glm\ext\quaternion_transform.inl">
      <Filter>Файлы заголовков</Filter>
    </None>
    <None Include="libs\glm\ext\quaternion_trigonometric.inl">
      <Filter>Файлы заголовков</Filter>
    </None>
    <None Include="libs\glm\ext\scalar_common.inl">
      <Filter>Файлы заголовков</Filter>
    </None>
    <None Include="libs\glm\ext\scalar_constants.inl">
      <Filter>Файлы заголовков</Filter>
    </None>
    <None Include="libs\glm\ext\scalar_integer.inl">
      <Filter>Файлы заголовков</Filter>
    </None>
    <None Include="libs\glm\ext\scalar_packing.inl">
      <Filter>Файлы заголовков</Filter>
    </None>
    <None Include="libs\glm\ext\scalar_reciprocal.inl">
      <Filter>Файлы заголовков</Filter>
    </None>
    <None Include="libs\glm\ext\scalar_relational.inl">
      <Filter>Файлы заголовков</Filter>
    </None>
    <None Include="libs\glm\ext\scalar_ulp.inl">
      <Filter>Файлы заголовков</Filter>
    </None>
    <None Include="libs\glm\ext\vector_common.inl">
      <Filter>Файлы заголовков</Filter>
    </None>
    <None Include="libs\glm\ext\vector_integer.inl">
      <Filter>Файлы заголовков</Filter>
    </None>
    <None Include="libs\glm\ext\vector_packing.inl">
      <Filter>Файлы заголовков</Filter>
    </None>
    <None Include="libs\glm\ext\vector_reciprocal.inl">
      <Filter>Файлы заголовков</Filter>
    </None>
    <None Include="libs\glm\ext\vector_relational.inl">
      <Filter>Файлы заголовков</Filter>
    </None>
    <None Include="libs\glm\ext\vector_ulp.inl">
      <Filter>Файлы заголовков</Filter>
    </None>
    <None Include="libs\glm\gtc\bitfield.inl">
      <Filter>Файлы заголовков</Filter>
    </None>
    <None Include="libs\glm\gtc\color_space.inl">
      <Filter>Файлы заголовков</Filter>
    </None>
    <None Include="libs\glm\gtc\constants.inl">
      <Filter>Файлы заголовков</Filter>
    </None>
    <None Include="libs\glm\gtc\epsilon.inl">
      <Filter>Файлы заголовков</Filter>
    </None>
    <None Include="libs\glm\gtc\integer.inl">
      <Filter>Файлы заголовков</Filter>
    </None>
    <None Include="libs\glm\gtc\matrix_access.inl">
      <Filter>Файлы заголовков</Filter>
    </None>
    <None Include="libs\glm\gtc\matrix_inverse.inl">
      <Filter>Файлы заголовков</Filter>
    </None>
    <None Include="libs\glm\gtc\matrix_transform.inl">
      <Filter>Файлы заголовков</Filter>
    </None>
    <None Include="libs\glm\gtc\noise.inl">
      <Filter>Файлы заголовков</Filter>
    </None>
    <None Include="libs\glm\gtc\packing.inl">
      <Filter>Файлы заголовков</Filter>
    </None>
    <None Include="libs\glm\gtc\quaternion.inl">
      <Filter>Файлы заголовков</Filter>
    </None>
    <None Include="libs\glm\gtc\quaternion_simd.inl">
      <Filter>Файлы заголовков</Filter>
    </None>
    <None Include="libs\glm\gtc\random.inl">
      <Filter>Файлы заголовков</Filter>
    </None>
    <None Include="libs\glm\gtc\round.inl">
      <Filter>Файлы заголовков</Filter>
    </None>
    <None Include="libs\glm\gtc\type_precision.inl">
      <Filter>Файлы заголовков</Filter>
    </None>
    <None Include="libs\glm\gtc\type_ptr.inl">
      <Filter>Файлы заголовков</Filter>
    </None>
    <None Include="libs\glm\gtc\ulp.inl">
      <Filter>Файлы заголовков</Filter>
    </None>
    <None Include="libs\glm\gtx\associated_min_max.inl">
      <Filter>Файлы заголовков</Filter>
    </None>
    <None Include="libs\glm\gtx\bit.inl">
      <Filter>Файлы заголовков</Filter>
    </None>
    <None Include="libs\glm\gtx\closest_point.inl">
      <Filter>Файлы заголовков</Filter>
    </None>
    <None Include="libs\glm\gtx\color_encoding.inl">
      <Filter>Файлы заголовков</Filter>
    </None>
    <None Include="libs\glm\gtx\color_space.inl">
      <Filter>Файлы заголовков</Filter>
    </None>
    <None Include="libs\glm\gtx\color_space_YCoCg.inl">
      <Filter>Файлы заголовков</Filter>
    </None>
    <None Include="libs\glm\gtx\common.inl">
      <Filter>Файлы заголовков</Filter>
    </None>
    <None Include="libs\glm\gtx\compatibility.inl">
      <Filter>Файлы заголовков</Filter>
    </None>
    <None Include="libs\glm\gtx\component_wise.inl">
      <Filter>Файлы заголовков</Filter>
    </None>
    <None Include="libs\glm\gtx\dual_quaternion.inl">
      <Filter>Файлы заголовков</Filter>
    </None>
    <None Include="libs\glm\gtx\easing.inl">
      <Filter>Файлы заголовков</Filter>
    </None>
    <None Include="libs\glm\gtx\euler_angles.inl">
      <Filter>Файлы заголовков</Filter>
    </None>
    <None Include="libs\glm\gtx\extend.inl">
      <Filter>Файлы заголовков</Filter>
    </None>
    <None Include="libs\glm\gtx\extended_min_max.inl">
      <Filter>Файлы заголовков</Filter>
    </None>
    <None Include="libs\glm\gtx\exterior_product.inl">
      <Filter>Файлы заголовков</Filter>
    </None>
    <None Include="libs\glm\gtx\fast_exponential.inl">
      <Filter>Файлы заголовков</Filter>
    </None>
    <None Include="libs\glm\gtx\fast_square_root.inl">
      <Filter>Файлы заголовков</Filter>
    </None>
    <None Include="libs\glm\gtx\fast_trigonometry.inl">
      <Filter>Файлы заголовков</Filter>
    </None>
    <None Include="libs\glm\gtx\float_notmalize.inl">
      <Filter>Файлы заголовков</Filter>
    </None>
    <None Include="libs\glm\gtx\functions.inl">
      <Filter>Файлы заголовков</Filter>
    </None>
    <None Include="libs\glm\gtx\gradient_paint.inl">
      <Filter>Файлы заголовков</Filter>
    </None>
    <None Include="libs\glm\gtx\handed_coordinate_space.inl">
      <Filter>Файлы заголовков</Filter>
    </None>
    <None Include="libs\glm\gtx\hash.inl">
      <Filter>Файлы заголовков</Filter>
    </None>
    <None Include="libs\glm\gtx\integer.inl">
      <Filter>Файлы заголовков</Filter>
    </None>
    <None Include="libs\glm\gtx\intersect.inl">
      <Filter>Файлы заголовков</Filter>
    </None>
    <None Include="libs\glm\gtx\io.inl">
      <Filter>Файлы заголовков</Filter>
    </None>
    <None Include="libs\glm\gtx\log_base.inl">
      <Filter>Файлы заголовков</Filter>
    </None>
    <None Include="libs\glm\gtx\matrix_cross_product.inl">
      <Filter>Файлы заголовков</Filter>
    </None>
    <None Include="libs\glm\gtx\matrix_decompose.inl">
      <Filter>Файлы заголовков</Filter>
    </None>
    <None Include="libs\glm\gtx\matrix_factorisation.inl">
      <Filter>Файлы заголовков</Filter>
    </None>
    <None Include="libs\glm\gtx\matrix_interpolation.inl">
      <Filter>Файлы заголовков</Filter>
    </None>
    <None Include="libs\glm\gtx\matrix_major_storage.inl">
      <Filter>Файлы заголовков</Filter>
    </None>
    <None Include="libs\glm\gtx\matrix_operation.inl">
      <Filter>Файлы заголовков</Filter>
    </None>
    <None Include="libs\glm\gtx\matrix_query.inl">
      <Filter>Файлы заголовков</Filter>
    </None>
    <None Include="libs\glm\gtx\matrix_transform_2d.inl">
      <Filter>Файлы заголовков</Filter>
    </None>
    <None Include="libs\glm\gtx\mixed_product.inl">
      <Filter>Файлы заголовков</Filter>
    </None>
    <None Include="libs\glm\gtx\norm.inl">
      <Filter>Файлы заголовков</Filter>
    </None>
    <None Include="libs\glm\gtx\normal.inl">
      <Filter>Файлы заголовков</Filter>
    </None>
    <None Include="libs\glm\gtx\normalize_dot.inl">
      <Filter>Файлы заголовков</Filter>
    </None>
    <None Include="libs\glm\gtx\number_precision.inl">
      <Filter>Файлы заголовков</Filter>
    </None>
    <None Include="libs\glm\gtx\optimum_pow.inl">
      <Filter>Файлы заголовков</Filter>
    </None>
    <None Include="libs\glm\gtx\orthonormalize.inl">
      <Filter>Файлы заголовков</Filter>
    </None>
    <None Include="libs\glm\gtx\pca.inl">
      <Filter>Файлы заголовков</Filter>
    </None>
    <None Include="libs\glm\gtx\perpendicular.inl">
      <Filter>Файлы заголовков</Filter>
    </None>
    <None Include="libs\glm\gtx\polar_coordinates.inl">
      <Filter>Файлы заголовков</Filter>
    </None>
    <None Include="libs\glm\gtx\projection.inl">
      <Filter>Файлы заголовков</Filter>
    </None>
    <None Include="libs\glm\gtx\quaternion.inl">
      <Filter>Файлы заголовков</Filter>
    </None>
    <None Include="libs\glm\gtx\raw_data.inl">
      <Filter>Файлы заголовков</Filter>
    </None>
    <None Include="libs\glm\gtx\rotate_normalized_axis.inl">
      <Filter>Файлы заголовков</Filter>
    </None>
    <None Include="libs\glm\gtx\rotate_vector.inl">
      <Filter>Файлы заголовков</Filter>
    </None>
    <None Include="libs\glm\gtx\scalar_relational.inl">
      <Filter>Файлы заголовков</Filter>
    </None>
    <None Include="libs\glm\gtx\spline.inl">
      <Filter>Файлы заголовков</Filter>
    </None>
    <None Include="libs\glm\gtx\std_based_type.inl">
      <Filter>Файлы заголовков</Filter>
    </None>
    <None Include="libs\glm\gtx\string_cast.inl">
      <Filter>Файлы заголовков</Filter>
    </None>
    <None Include="libs\glm\gtx\texture.inl">
      <Filter>Файлы заголовков</Filter>
    </None>
    <None Include="libs\glm\gtx\transform.inl">
      <Filter>Файлы заголовков</Filter>
    </None>
    <None Include="libs\glm\gtx\transform2.inl">
      <Filter>Файлы заголовков</Filter>
    </None>
    <None Include="libs\glm\gtx\type_aligned.inl">
      <Filter>Файлы заголовков</Filter>
    </None>
    <None Include="libs\glm\gtx\type_trait.inl">
      <Filter>Файлы заголовков</Filter>
    </None>
    <None Include="libs\glm\gtx\vector_angle.inl">
      <Filter>Файлы заголовков</Filter>
    </None>
    <None Include="libs\glm\gtx\vector_query.inl">
      <Filter>Файлы заголовков</Filter>
    </None>
    <None Include="libs\glm\gtx\wrap.inl">
      <Filter>Файлы заголовков</Filter>
    </None>
  </ItemGroup>
</Project>